
Microsoft Visual Studio Solution File, Format Version 12.00
# Visual Studio Version 17
VisualStudioVersion = 17.1.32421.90
MinimumVisualStudioVersion = 10.0.40219.1
Project("{9A19103F-16F7-4668-BE54-9A1E7A4F7556}") = "TestApp", "WebApiTest\TestApp.csproj", "{0EB6955F-392C-49C2-A193-04F1396E96A3}"
EndProject
Project("{9A19103F-16F7-4668-BE54-9A1E7A4F7556}") = "WebAuth", "WebAuth\WebAuth.csproj", "{1047D47A-359A-4C1C-8EDB-65F26ECC5F29}"
EndProject
Project("{9A19103F-16F7-4668-BE54-9A1E7A4F7556}") = "WebHoster", "WebHost\WebHoster.csproj", "{2A08C5E8-1680-421B-BB4C-E85656DE3EF8}"
EndProject
Project("{9A19103F-16F7-4668-BE54-9A1E7A4F7556}") = "TestController", "TestController\TestController.csproj", "{45097F68-21AA-45BD-A88D-762BD46C9E2C}"
EndProject
Project("{FAE04EC0-301F-11D3-BF4B-00C04F79EFBC}") = "TestSignalRHub", "TestSignalRHub\TestSignalRHub.csproj", "{D7D35360-3B4C-43B8-8D72-B1B716052B10}"
EndProject
Global
	GlobalSection(SolutionConfigurationPlatforms) = preSolution
		Debug|Any CPU = Debug|Any CPU
		Release|Any CPU = Release|Any CPU
	EndGlobalSection
	GlobalSection(ProjectConfigurationPlatforms) = postSolution
		{0EB6955F-392C-49C2-A193-04F1396E96A3}.Debug|Any CPU.ActiveCfg = Debug|Any CPU
		{0EB6955F-392C-49C2-A193-04F1396E96A3}.Debug|Any CPU.Build.0 = Debug|Any CPU
		{0EB6955F-392C-49C2-A193-04F1396E96A3}.Release|Any CPU.ActiveCfg = Release|Any CPU
		{0EB6955F-392C-49C2-A193-04F1396E96A3}.Release|Any CPU.Build.0 = Release|Any CPU
		{1047D47A-359A-4C1C-8EDB-65F26ECC5F29}.Debug|Any CPU.ActiveCfg = Debug|Any CPU
		{1047D47A-359A-4C1C-8EDB-65F26ECC5F29}.Debug|Any CPU.Build.0 = Debug|Any CPU
		{1047D47A-359A-4C1C-8EDB-65F26ECC5F29}.Release|Any CPU.ActiveCfg = Release|Any CPU
		{1047D47A-359A-4C1C-8EDB-65F26ECC5F29}.Release|Any CPU.Build.0 = Release|Any CPU
		{2A08C5E8-1680-421B-BB4C-E85656DE3EF8}.Debug|Any CPU.ActiveCfg = Debug|Any CPU
		{2A08C5E8-1680-421B-BB4C-E85656DE3EF8}.Debug|Any CPU.Build.0 = Debug|Any CPU
		{2A08C5E8-1680-421B-BB4C-E85656DE3EF8}.Release|Any CPU.ActiveCfg = Release|Any CPU
		{2A08C5E8-1680-421B-BB4C-E85656DE3EF8}.Release|Any CPU.Build.0 = Release|Any CPU
		{45097F68-21AA-45BD-A88D-762BD46C9E2C}.Debug|Any CPU.ActiveCfg = Debug|Any CPU
		{45097F68-21AA-45BD-A88D-762BD46C9E2C}.Debug|Any CPU.Build.0 = Debug|Any CPU
		{45097F68-21AA-45BD-A88D-762BD46C9E2C}.Release|Any CPU.ActiveCfg = Release|Any CPU
		{45097F68-21AA-45BD-A88D-762BD46C9E2C}.Release|Any CPU.Build.0 = Release|Any CPU
		{D7D35360-3B4C-43B8-8D72-B1B716052B10}.Debug|Any CPU.ActiveCfg = Debug|Any CPU
		{D7D35360-3B4C-43B8-8D72-B1B716052B10}.Debug|Any CPU.Build.0 = Debug|Any CPU
		{D7D35360-3B4C-43B8-8D72-B1B716052B10}.Release|Any CPU.ActiveCfg = Release|Any CPU
		{D7D35360-3B4C-43B8-8D72-B1B716052B10}.Release|Any CPU.Build.0 = Release|Any CPU
	EndGlobalSection
	GlobalSection(SolutionProperties) = preSolution
		HideSolutionNode = FALSE
	EndGlobalSection
	GlobalSection(ExtensibilityGlobals) = postSolution
		SolutionGuid = {27FE6C7C-4880-42B5-9F53-8D82D767ED65}
	EndGlobalSection
EndGlobal
